// !$*UTF8*$!
{
	archiveVersion = 1;
	classes = {
	};
	objectVersion = 50;
	objects = {

/* Begin PBXBuildFile section */
		7D9F171022FD56120073E34E /* AppDelegate.swift in Sources */ = {isa = PBXBuildFile; fileRef = 7D9F170F22FD56120073E34E /* AppDelegate.swift */; };
		7D9F171222FD56120073E34E /* ViewController.swift in Sources */ = {isa = PBXBuildFile; fileRef = 7D9F171122FD56120073E34E /* ViewController.swift */; };
		7D9F171522FD56120073E34E /* Main.storyboard in Resources */ = {isa = PBXBuildFile; fileRef = 7D9F171322FD56120073E34E /* Main.storyboard */; };
		7D9F171722FD56150073E34E /* Assets.xcassets in Resources */ = {isa = PBXBuildFile; fileRef = 7D9F171622FD56150073E34E /* Assets.xcassets */; };
		7D9F171A22FD56150073E34E /* LaunchScreen.storyboard in Resources */ = {isa = PBXBuildFile; fileRef = 7D9F171822FD56150073E34E /* LaunchScreen.storyboard */; };
		7D9F172322FD60550073E34E /* OperationState.swift in Sources */ = {isa = PBXBuildFile; fileRef = 7D9F172222FD60550073E34E /* OperationState.swift */; };
		7D9F172622FD61900073E34E /* PhotoRecord.swift in Sources */ = {isa = PBXBuildFile; fileRef = 7D9F172522FD61900073E34E /* PhotoRecord.swift */; };
		7D9F172822FD62220073E34E /* PendingOperations.swift in Sources */ = {isa = PBXBuildFile; fileRef = 7D9F172722FD62220073E34E /* PendingOperations.swift */; };
		7D9F172A22FD628E0073E34E /* AyncOperation.swift in Sources */ = {isa = PBXBuildFile; fileRef = 7D9F172922FD628E0073E34E /* AyncOperation.swift */; };
		7D9F172C22FD630B0073E34E /* Operations.swift in Sources */ = {isa = PBXBuildFile; fileRef = 7D9F172B22FD630B0073E34E /* Operations.swift */; };
		7D9F172F22FD6B6E0073E34E /* DownloadError.swift in Sources */ = {isa = PBXBuildFile; fileRef = 7D9F172E22FD6B6E0073E34E /* DownloadError.swift */; };
/* End PBXBuildFile section */

/* Begin PBXFileReference section */
		7D9F170C22FD56120073E34E /* Operations.app */ = {isa = PBXFileReference; explicitFileType = wrapper.application; includeInIndex = 0; path = Operations.app; sourceTree = BUILT_PRODUCTS_DIR; };
		7D9F170F22FD56120073E34E /* AppDelegate.swift */ = {isa = PBXFileReference; lastKnownFileType = sourcecode.swift; path = AppDelegate.swift; sourceTree = "<group>"; };
		7D9F171122FD56120073E34E /* ViewController.swift */ = {isa = PBXFileReference; lastKnownFileType = sourcecode.swift; path = ViewController.swift; sourceTree = "<group>"; };
		7D9F171422FD56120073E34E /* Base */ = {isa = PBXFileReference; lastKnownFileType = file.storyboard; name = Base; path = Base.lproj/Main.storyboard; sourceTree = "<group>"; };
		7D9F171622FD56150073E34E /* Assets.xcassets */ = {isa = PBXFileReference; lastKnownFileType = folder.assetcatalog; path = Assets.xcassets; sourceTree = "<group>"; };
		7D9F171922FD56150073E34E /* Base */ = {isa = PBXFileReference; lastKnownFileType = file.storyboard; name = Base; path = Base.lproj/LaunchScreen.storyboard; sourceTree = "<group>"; };
		7D9F171B22FD56150073E34E /* Info.plist */ = {isa = PBXFileReference; lastKnownFileType = text.plist.xml; path = Info.plist; sourceTree = "<group>"; };
		7D9F172222FD60550073E34E /* OperationState.swift */ = {isa = PBXFileReference; lastKnownFileType = sourcecode.swift; path = OperationState.swift; sourceTree = "<group>"; };
		7D9F172522FD61900073E34E /* PhotoRecord.swift */ = {isa = PBXFileReference; lastKnownFileType = sourcecode.swift; path = PhotoRecord.swift; sourceTree = "<group>"; };
		7D9F172722FD62220073E34E /* PendingOperations.swift */ = {isa = PBXFileReference; lastKnownFileType = sourcecode.swift; path = PendingOperations.swift; sourceTree = "<group>"; };
		7D9F172922FD628E0073E34E /* AyncOperation.swift */ = {isa = PBXFileReference; lastKnownFileType = sourcecode.swift; path = AyncOperation.swift; sourceTree = "<group>"; };
		7D9F172B22FD630B0073E34E /* Operations.swift */ = {isa = PBXFileReference; lastKnownFileType = sourcecode.swift; path = Operations.swift; sourceTree = "<group>"; };
		7D9F172E22FD6B6E0073E34E /* DownloadError.swift */ = {isa = PBXFileReference; lastKnownFileType = sourcecode.swift; path = DownloadError.swift; sourceTree = "<group>"; };
/* End PBXFileReference section */

/* Begin PBXFrameworksBuildPhase section */
		7D9F170922FD56120073E34E /* Frameworks */ = {
			isa = PBXFrameworksBuildPhase;
			buildActionMask = 2147483647;
			files = (
			);
			runOnlyForDeploymentPostprocessing = 0;
		};
/* End PBXFrameworksBuildPhase section */

/* Begin PBXGroup section */
		7D9F170322FD56120073E34E = {
			isa = PBXGroup;
			children = (
				7D9F170E22FD56120073E34E /* Operations */,
				7D9F170D22FD56120073E34E /* Products */,
			);
			sourceTree = "<group>";
		};
		7D9F170D22FD56120073E34E /* Products */ = {
			isa = PBXGroup;
			children = (
				7D9F170C22FD56120073E34E /* Operations.app */,
			);
			name = Products;
			sourceTree = "<group>";
		};
		7D9F170E22FD56120073E34E /* Operations */ = {
			isa = PBXGroup;
			children = (
				7D9F172422FD61760073E34E /* Supporting Files */,
				7D9F171122FD56120073E34E /* ViewController.swift */,
				7D9F171322FD56120073E34E /* Main.storyboard */,
				7D9F171B22FD56150073E34E /* Info.plist */,
				7D9F172D22FD63170073E34E /* Model */,
			);
			path = Operations;
			sourceTree = "<group>";
		};
		7D9F172422FD61760073E34E /* Supporting Files */ = {
			isa = PBXGroup;
			children = (
				7D9F170F22FD56120073E34E /* AppDelegate.swift */,
				7D9F171622FD56150073E34E /* Assets.xcassets */,
				7D9F171822FD56150073E34E /* LaunchScreen.storyboard */,
			);
			path = "Supporting Files";
			sourceTree = "<group>";
		};
		7D9F172D22FD63170073E34E /* Model */ = {
			isa = PBXGroup;
			children = (
				7D9F172222FD60550073E34E /* OperationState.swift */,
				7D9F172522FD61900073E34E /* PhotoRecord.swift */,
				7D9F172722FD62220073E34E /* PendingOperations.swift */,
				7D9F172922FD628E0073E34E /* AyncOperation.swift */,
				7D9F172B22FD630B0073E34E /* Operations.swift */,
				7D9F172E22FD6B6E0073E34E /* DownloadError.swift */,
			);
			path = Model;
			sourceTree = "<group>";
		};
/* End PBXGroup section */

/* Begin PBXNativeTarget section */
		7D9F170B22FD56120073E34E /* Operations */ = {
			isa = PBXNativeTarget;
			buildConfigurationList = 7D9F171E22FD56150073E34E /* Build configuration list for PBXNativeTarget "Operations" */;
			buildPhases = (
				7D9F170822FD56120073E34E /* Sources */,
				7D9F170922FD56120073E34E /* Frameworks */,
				7D9F170A22FD56120073E34E /* Resources */,
			);
			buildRules = (
			);
			dependencies = (
			);
			name = Operations;
			productName = Operations;
			productReference = 7D9F170C22FD56120073E34E /* Operations.app */;
			productType = "com.apple.product-type.application";
		};
/* End PBXNativeTarget section */

/* Begin PBXProject section */
		7D9F170422FD56120073E34E /* Project object */ = {
			isa = PBXProject;
			attributes = {
				LastSwiftUpdateCheck = 1030;
				LastUpgradeCheck = 1030;
				ORGANIZATIONNAME = "Maysam Shahsavari";
				TargetAttributes = {
					7D9F170B22FD56120073E34E = {
						CreatedOnToolsVersion = 10.3;
					};
				};
			};
			buildConfigurationList = 7D9F170722FD56120073E34E /* Build configuration list for PBXProject "Operations" */;
			compatibilityVersion = "Xcode 9.3";
			developmentRegion = en;
			hasScannedForEncodings = 0;
			knownRegions = (
				en,
				Base,
			);
			mainGroup = 7D9F170322FD56120073E34E;
			productRefGroup = 7D9F170D22FD56120073E34E /* Products */;
			projectDirPath = "";
			projectRoot = "";
			targets = (
				7D9F170B22FD56120073E34E /* Operations */,
			);
		};
/* End PBXProject section */

/* Begin PBXResourcesBuildPhase section */
		7D9F170A22FD56120073E34E /* Resources */ = {
			isa = PBXResourcesBuildPhase;
			buildActionMask = 2147483647;
			files = (
				7D9F171A22FD56150073E34E /* LaunchScreen.storyboard in Resources */,
				7D9F171722FD56150073E34E /* Assets.xcassets in Resources */,
				7D9F171522FD56120073E34E /* Main.storyboard in Resources */,
			);
			runOnlyForDeploymentPostprocessing = 0;
		};
/* End PBXResourcesBuildPhase section */

/* Begin PBXSourcesBuildPhase section */
		7D9F170822FD56120073E34E /* Sources */ = {
			isa = PBXSourcesBuildPhase;
			buildActionMask = 2147483647;
			files = (
				7D9F172F22FD6B6E0073E34E /* DownloadError.swift in Sources */,
				7D9F172A22FD628E0073E34E /* AyncOperation.swift in Sources */,
				7D9F172322FD60550073E34E /* OperationState.swift in Sources */,
				7D9F172822FD62220073E34E /* PendingOperations.swift in Sources */,
				7D9F172C22FD630B0073E34E /* Operations.swift in Sources */,
				7D9F172622FD61900073E34E /* PhotoRecord.swift in Sources */,
				7D9F171222FD56120073E34E /* ViewController.swift in Sources */,
				7D9F171022FD56120073E34E /* AppDelegate.swift in Sources */,
			);
			runOnlyForDeploymentPostprocessing = 0;
		};
/* End PBXSourcesBuildPhase section */

/* Begin PBXVariantGroup section */
		7D9F171322FD56120073E34E /* Main.storyboard */ = {
			isa = PBXVariantGroup;
			children = (
				7D9F171422FD56120073E34E /* Base */,
			);
			name = Main.storyboard;
			sourceTree = "<group>";
		};
		7D9F171822FD56150073E34E /* LaunchScreen.storyboard */ = {
			isa = PBXVariantGroup;
			children = (
				7D9F171922FD56150073E34E /* Base */,
			);
			name = LaunchScreen.storyboard;
			sourceTree = "<group>";
		};
/* End PBXVariantGroup section */

/* Begin XCBuildConfiguration section */
		7D9F171C22FD56150073E34E /* Debug */ = {
			isa = XCBuildConfiguration;
			buildSettings = {
				ALWAYS_SEARCH_USER_PATHS = NO;
				CLANG_ANALYZER_NONNULL = YES;
				CLANG_ANALYZER_NUMBER_OBJECT_CONVERSION = YES_AGGRESSIVE;
				CLANG_CXX_LANGUAGE_STANDARD = "gnu++14";
				CLANG_CXX_LIBRARY = "libc++";
				CLANG_ENABLE_MODULES = YES;
				CLANG_ENABLE_OBJC_ARC = YES;
				CLANG_ENABLE_OBJC_WEAK = YES;
				CLANG_WARN_BLOCK_CAPTURE_AUTORELEASING = YES;
				CLANG_WARN_BOOL_CONVERSION = YES;
				CLANG_WARN_COMMA = YES;
				CLANG_WARN_CONSTANT_CONVERSION = YES;
				CLANG_WARN_DEPRECATED_OBJC_IMPLEMENTATIONS = YES;
				CLANG_WARN_DIRECT_OBJC_ISA_USAGE = YES_ERROR;
				CLANG_WARN_DOCUMENTATION_COMMENTS = YES;
				CLANG_WARN_EMPTY_BODY = YES;
				CLANG_WARN_ENUM_CONVERSION = YES;
				CLANG_WARN_INFINITE_RECURSION = YES;
				CLANG_WARN_INT_CONVERSION = YES;
				CLANG_WARN_NON_LITERAL_NULL_CONVERSION = YES;
				CLANG_WARN_OBJC_IMPLICIT_RETAIN_SELF = YES;
				CLANG_WARN_OBJC_LITERAL_CONVERSION = YES;
				CLANG_WARN_OBJC_ROOT_CLASS = YES_ERROR;
				CLANG_WARN_RANGE_LOOP_ANALYSIS = YES;
				CLANG_WARN_STRICT_PROTOTYPES = YES;
				CLANG_WARN_SUSPICIOUS_MOVE = YES;
				CLANG_WARN_UNGUARDED_AVAILABILITY = YES_AGGRESSIVE;
				CLANG_WARN_UNREACHABLE_CODE = YES;
				CLANG_WARN__DUPLICATE_METHOD_MATCH = YES;
				CODE_SIGN_IDENTITY = "iPhone Developer";
				COPY_PHASE_STRIP = NO;
				DEBUG_INFORMATION_FORMAT = dwarf;
				ENABLE_STRICT_OBJC_MSGSEND = YES;
				ENABLE_TESTABILITY = YES;
				GCC_C_LANGUAGE_STANDARD = gnu11;
				GCC_DYNAMIC_NO_PIC = NO;
				GCC_NO_COMMON_BLOCKS = YES;
				GCC_OPTIMIZATION_LEVEL = 0;
				GCC_PREPROCESSOR_DEFINITIONS = (
					"DEBUG=1",
					"$(inherited)",
				);
				GCC_WARN_64_TO_32_BIT_CONVERSION = YES;
				GCC_WARN_ABOUT_RETURN_TYPE = YES_ERROR;
				GCC_WARN_UNDECLARED_SELECTOR = YES;
				GCC_WARN_UNINITIALIZED_AUTOS = YES_AGGRESSIVE;
				GCC_WARN_UNUSED_FUNCTION = YES;
				GCC_WARN_UNUSED_VARIABLE = YES;
				IPHONEOS_DEPLOYMENT_TARGET = 12.4;
				MTL_ENABLE_DEBUG_INFO = INCLUDE_SOURCE;
				MTL_FAST_MATH = YES;
				ONLY_ACTIVE_ARCH = YES;
				SDKROOT = iphoneos;
				SWIFT_ACTIVE_COMPILATION_CONDITIONS = DEBUG;
				SWIFT_OPTIMIZATION_LEVEL = "-Onone";
			};
			name = Debug;
		};
		7D9F171D22FD56150073E34E /* Release */ = {
			isa = XCBuildConfiguration;
			buildSettings = {
				ALWAYS_SEARCH_USER_PATHS = NO;
				CLANG_ANALYZER_NONNULL = YES;
				CLANG_ANALYZER_NUMBER_OBJECT_CONVERSION = YES_AGGRESSIVE;
				CLANG_CXX_LANGUAGE_STANDARD = "gnu++14";
				CLANG_CXX_LIBRARY = "libc++";
				CLANG_ENABLE_MODULES = YES;
				CLANG_ENABLE_OBJC_ARC = YES;
				CLANG_ENABLE_OBJC_WEAK = YES;
				CLANG_WARN_BLOCK_CAPTURE_AUTORELEASING = YES;
				CLANG_WARN_BOOL_CONVERSION = YES;
				CLANG_WARN_COMMA = YES;
				CLANG_WARN_CONSTANT_CONVERSION = YES;
				CLANG_WARN_DEPRECATED_OBJC_IMPLEMENTATIONS = YES;
				CLANG_WARN_DIRECT_OBJC_ISA_USAGE = YES_ERROR;
				CLANG_WARN_DOCUMENTATION_COMMENTS = YES;
				CLANG_WARN_EMPTY_BODY = YES;
				CLANG_WARN_ENUM_CONVERSION = YES;
				CLANG_WARN_INFINITE_RECURSION = YES;
				CLANG_WARN_INT_CONVERSION = YES;
				CLANG_WARN_NON_LITERAL_NULL_CONVERSION = YES;
				CLANG_WARN_OBJC_IMPLICIT_RETAIN_SELF = YES;
				CLANG_WARN_OBJC_LITERAL_CONVERSION = YES;
				CLANG_WARN_OBJC_ROOT_CLASS = YES_ERROR;
				CLANG_WARN_RANGE_LOOP_ANALYSIS = YES;
				CLANG_WARN_STRICT_PROTOTYPES = YES;
				CLANG_WARN_SUSPICIOUS_MOVE = YES;
				CLANG_WARN_UNGUARDED_AVAILABILITY = YES_AGGRESSIVE;
				CLANG_WARN_UNREACHABLE_CODE = YES;
				CLANG_WARN__DUPLICATE_METHOD_MATCH = YES;
				CODE_SIGN_IDENTITY = "iPhone Developer";
				COPY_PHASE_STRIP = NO;
				DEBUG_INFORMATION_FORMAT = "dwarf-with-dsym";
				ENABLE_NS_ASSERTIONS = NO;
				ENABLE_STRICT_OBJC_MSGSEND = YES;
				GCC_C_LANGUAGE_STANDARD = gnu11;
				GCC_NO_COMMON_BLOCKS = YES;
				GCC_WARN_64_TO_32_BIT_CONVERSION = YES;
				GCC_WARN_ABOUT_RETURN_TYPE = YES_ERROR;
				GCC_WARN_UNDECLARED_SELECTOR = YES;
				GCC_WARN_UNINITIALIZED_AUTOS = YES_AGGRESSIVE;
				GCC_WARN_UNUSED_FUNCTION = YES;
				GCC_WARN_UNUSED_VARIABLE = YES;
				IPHONEOS_DEPLOYMENT_TARGET = 12.4;
				MTL_ENABLE_DEBUG_INFO = NO;
				MTL_FAST_MATH = YES;
				SDKROOT = iphoneos;
				SWIFT_COMPILATION_MODE = wholemodule;
				SWIFT_OPTIMIZATION_LEVEL = "-O";
				VALIDATE_PRODUCT = YES;
			};
			name = Release;
		};
		7D9F171F22FD56150073E34E /* Debug */ = {
			isa = XCBuildConfiguration;
			buildSettings = {
				ASSETCATALOG_COMPILER_APPICON_NAME = AppIcon;
				CODE_SIGN_STYLE = Automatic;
				DEVELOPMENT_TEAM = "";
				INFOPLIST_FILE = Operations/Info.plist;
				LD_RUNPATH_SEARCH_PATHS = (
					"$(inherited)",
					"@executable_path/Frameworks",
				);
				PRODUCT_BUNDLE_IDENTIFIER = self.edu.Operations;
				PRODUCT_NAME = "$(TARGET_NAME)";
				SWIFT_VERSION = 5.0;
				TARGETED_DEVICE_FAMILY = "1,2";
			};
			name = Debug;
		};
		7D9F172022FD56150073E34E /* Release */ = {
			isa = XCBuildConfiguration;
			buildSettings = {
				ASSETCATALOG_COMPILER_APPICON_NAME = AppIcon;
				CODE_SIGN_STYLE = Automatic;
				DEVELOPMENT_TEAM = "";
				INFOPLIST_FILE = Operations/Info.plist;
				LD_RUNPATH_SEARCH_PATHS = (
					"$(inherited)",
					"@executable_path/Frameworks",
				);
				PRODUCT_BUNDLE_IDENTIFIER = self.edu.Operations;
				PRODUCT_NAME = "$(TARGET_NAME)";
				SWIFT_VERSION = 5.0;
				TARGETED_DEVICE_FAMILY = "1,2";
			};
			name = Release;
		};
/* End XCBuildConfiguration section */

/* Begin XCConfigurationList section */
		7D9F170722FD56120073E34E /* Build configuration list for PBXProject "Operations" */ = {
			isa = XCConfigurationList;
			buildConfigurations = (
				7D9F171C22FD56150073E34E /* Debug */,
				7D9F171D22FD56150073E34E /* Release */,
			);
			defaultConfigurationIsVisible = 0;
			defaultConfigurationName = Release;
		};
		7D9F171E22FD56150073E34E /* Build configuration list for PBXNativeTarget "Operations" */ = {
			isa = XCConfigurationList;
			buildConfigurations = (
				7D9F171F22FD56150073E34E /* Debug */,
				7D9F172022FD56150073E34E /* Release */,
			);
			defaultConfigurationIsVisible = 0;
			defaultConfigurationName = Release;
		};
/* End XCConfigurationList section */
	};
	rootObject = 7D9F170422FD56120073E34E /* Project object */;
}
